
Microsoft Visual Studio Solution File, Format Version 12.00
# Visual Studio Version 16
VisualStudioVersion = 16.0.34902.97
MinimumVisualStudioVersion = 10.0.40219.1
Project("{FAE04EC0-301F-11D3-BF4B-00C04F79EFBC}") = "TaskAssignmentApp", "TaskAssignmentApp.csproj", "{6E7287B7-F8C4-47BA-A298-160DE0CD797A}"
EndProject
Global
	GlobalSection(SolutionConfigurationPlatforms) = preSolution
		Debug|Any CPU = Debug|Any CPU
		Release|Any CPU = Release|Any CPU
	EndGlobalSection
	GlobalSection(ProjectConfigurationPlatforms) = postSolution
		{6E7287B7-F8C4-47BA-A298-160DE0CD797A}.Debug|Any CPU.ActiveCfg = Debug|Any CPU
		{6E7287B7-F8C4-47BA-A298-160DE0CD797A}.Debug|Any CPU.Build.0 = Debug|Any CPU
		{6E7287B7-F8C4-47BA-A298-160DE0CD797A}.Release|Any CPU.ActiveCfg = Release|Any CPU
		{6E7287B7-F8C4-47BA-A298-160DE0CD797A}.Release|Any CPU.Build.0 = Release|Any CPU
	EndGlobalSection
	GlobalSection(SolutionProperties) = preSolution
		HideSolutionNode = FALSE
	EndGlobalSection
	GlobalSection(ExtensibilityGlobals) = postSolution
		SolutionGuid = {7F8953E1-8637-461A-8976-C9F775D4B63B}
	EndGlobalSection
EndGlobal
